// !$*UTF8*$!
{
	archiveVersion = 1;
	classes = {
	};
	objectVersion = 56;
	objects = {

/* Begin PBXBuildFile section */
		3C5581383074C3C3D608B559 /* Pods_OpenSourceAnimation.framework in Frameworks */ = {isa = PBXBuildFile; fileRef = 1B928F4BD204C514E44A6E6E /* Pods_OpenSourceAnimation.framework */; };
		BC7B3EF82B01072700D95D91 /* AppDelegate.swift in Sources */ = {isa = PBXBuildFile; fileRef = BC7B3EF72B01072700D95D91 /* AppDelegate.swift */; };
		BC7B3EFA2B01072700D95D91 /* SceneDelegate.swift in Sources */ = {isa = PBXBuildFile; fileRef = BC7B3EF92B01072700D95D91 /* SceneDelegate.swift */; };
		BC7B3EFC2B01072700D95D91 /* ViewController.swift in Sources */ = {isa = PBXBuildFile; fileRef = BC7B3EFB2B01072700D95D91 /* ViewController.swift */; };
		BC7B3EFF2B01072700D95D91 /* Main.storyboard in Resources */ = {isa = PBXBuildFile; fileRef = BC7B3EFD2B01072700D95D91 /* Main.storyboard */; };
		BC7B3F012B01072800D95D91 /* Assets.xcassets in Resources */ = {isa = PBXBuildFile; fileRef = BC7B3F002B01072800D95D91 /* Assets.xcassets */; };
		BC7B3F042B01072800D95D91 /* LaunchScreen.storyboard in Resources */ = {isa = PBXBuildFile; fileRef = BC7B3F022B01072800D95D91 /* LaunchScreen.storyboard */; };
		BC7B3F0F2B014D9A00D95D91 /* Ball.swift in Sources */ = {isa = PBXBuildFile; fileRef = BC7B3F0E2B014D9A00D95D91 /* Ball.swift */; };
/* End PBXBuildFile section */

/* Begin PBXFileReference section */
		1B928F4BD204C514E44A6E6E /* Pods_OpenSourceAnimation.framework */ = {isa = PBXFileReference; explicitFileType = wrapper.framework; includeInIndex = 0; path = Pods_OpenSourceAnimation.framework; sourceTree = BUILT_PRODUCTS_DIR; };
		440EF2977B7585D628C14E01 /* Pods-OpenSourceAnimation.release.xcconfig */ = {isa = PBXFileReference; includeInIndex = 1; lastKnownFileType = text.xcconfig; name = "Pods-OpenSourceAnimation.release.xcconfig"; path = "Target Support Files/Pods-OpenSourceAnimation/Pods-OpenSourceAnimation.release.xcconfig"; sourceTree = "<group>"; };
		492ED3F1C14F57D02262F49C /* Pods-OpenSourceAnimation.debug.xcconfig */ = {isa = PBXFileReference; includeInIndex = 1; lastKnownFileType = text.xcconfig; name = "Pods-OpenSourceAnimation.debug.xcconfig"; path = "Target Support Files/Pods-OpenSourceAnimation/Pods-OpenSourceAnimation.debug.xcconfig"; sourceTree = "<group>"; };
		BC7B3EF42B01072700D95D91 /* OpenSourceAnimation.app */ = {isa = PBXFileReference; explicitFileType = wrapper.application; includeInIndex = 0; path = OpenSourceAnimation.app; sourceTree = BUILT_PRODUCTS_DIR; };
		BC7B3EF72B01072700D95D91 /* AppDelegate.swift */ = {isa = PBXFileReference; lastKnownFileType = sourcecode.swift; path = AppDelegate.swift; sourceTree = "<group>"; };
		BC7B3EF92B01072700D95D91 /* SceneDelegate.swift */ = {isa = PBXFileReference; lastKnownFileType = sourcecode.swift; path = SceneDelegate.swift; sourceTree = "<group>"; };
		BC7B3EFB2B01072700D95D91 /* ViewController.swift */ = {isa = PBXFileReference; lastKnownFileType = sourcecode.swift; path = ViewController.swift; sourceTree = "<group>"; };
		BC7B3EFE2B01072700D95D91 /* Base */ = {isa = PBXFileReference; lastKnownFileType = file.storyboard; name = Base; path = Base.lproj/Main.storyboard; sourceTree = "<group>"; };
		BC7B3F002B01072800D95D91 /* Assets.xcassets */ = {isa = PBXFileReference; lastKnownFileType = folder.assetcatalog; path = Assets.xcassets; sourceTree = "<group>"; };
		BC7B3F032B01072800D95D91 /* Base */ = {isa = PBXFileReference; lastKnownFileType = file.storyboard; name = Base; path = Base.lproj/LaunchScreen.storyboard; sourceTree = "<group>"; };
		BC7B3F052B01072800D95D91 /* Info.plist */ = {isa = PBXFileReference; lastKnownFileType = text.plist.xml; path = Info.plist; sourceTree = "<group>"; };
		BC7B3F0E2B014D9A00D95D91 /* Ball.swift */ = {isa = PBXFileReference; lastKnownFileType = sourcecode.swift; path = Ball.swift; sourceTree = "<group>"; };
/* End PBXFileReference section */

/* Begin PBXFrameworksBuildPhase section */
		BC7B3EF12B01072700D95D91 /* Frameworks */ = {
			isa = PBXFrameworksBuildPhase;
			buildActionMask = 2147483647;
			files = (
				3C5581383074C3C3D608B559 /* Pods_OpenSourceAnimation.framework in Frameworks */,
			);
			runOnlyForDeploymentPostprocessing = 0;
		};
/* End PBXFrameworksBuildPhase section */

/* Begin PBXGroup section */
		044621FB6ABAFDF54037302D /* Frameworks */ = {
			isa = PBXGroup;
			children = (
				1B928F4BD204C514E44A6E6E /* Pods_OpenSourceAnimation.framework */,
			);
			name = Frameworks;
			sourceTree = "<group>";
		};
		A97CBEDB26D5CE13D2DE9335 /* Pods */ = {
			isa = PBXGroup;
			children = (
				492ED3F1C14F57D02262F49C /* Pods-OpenSourceAnimation.debug.xcconfig */,
				440EF2977B7585D628C14E01 /* Pods-OpenSourceAnimation.release.xcconfig */,
			);
			path = Pods;
			sourceTree = "<group>";
		};
		BC7B3EEB2B01072700D95D91 = {
			isa = PBXGroup;
			children = (
				BC7B3EF62B01072700D95D91 /* OpenSourceAnimation */,
				BC7B3EF52B01072700D95D91 /* Products */,
				A97CBEDB26D5CE13D2DE9335 /* Pods */,
				044621FB6ABAFDF54037302D /* Frameworks */,
			);
			sourceTree = "<group>";
		};
		BC7B3EF52B01072700D95D91 /* Products */ = {
			isa = PBXGroup;
			children = (
				BC7B3EF42B01072700D95D91 /* OpenSourceAnimation.app */,
			);
			name = Products;
			sourceTree = "<group>";
		};
		BC7B3EF62B01072700D95D91 /* OpenSourceAnimation */ = {
			isa = PBXGroup;
			children = (
				BC7B3EF72B01072700D95D91 /* AppDelegate.swift */,
				BC7B3EF92B01072700D95D91 /* SceneDelegate.swift */,
				BC7B3EFB2B01072700D95D91 /* ViewController.swift */,
				BC7B3EFD2B01072700D95D91 /* Main.storyboard */,
				BC7B3F002B01072800D95D91 /* Assets.xcassets */,
				BC7B3F022B01072800D95D91 /* LaunchScreen.storyboard */,
				BC7B3F052B01072800D95D91 /* Info.plist */,
				BC7B3F0E2B014D9A00D95D91 /* Ball.swift */,
			);
			path = OpenSourceAnimation;
			sourceTree = "<group>";
		};
/* End PBXGroup section */

/* Begin PBXNativeTarget section */
		BC7B3EF32B01072700D95D91 /* OpenSourceAnimation */ = {
			isa = PBXNativeTarget;
			buildConfigurationList = BC7B3F082B01072800D95D91 /* Build configuration list for PBXNativeTarget "OpenSourceAnimation" */;
			buildPhases = (
				48A45C96A0D2166986486B12 /* [CP] Check Pods Manifest.lock */,
				BC7B3EF02B01072700D95D91 /* Sources */,
				BC7B3EF12B01072700D95D91 /* Frameworks */,
				BC7B3EF22B01072700D95D91 /* Resources */,
				56A20CF5EC5D08A5C6EAB183 /* [CP] Embed Pods Frameworks */,
			);
			buildRules = (
			);
			dependencies = (
			);
			name = OpenSourceAnimation;
			productName = OpenSourceAnimation;
			productReference = BC7B3EF42B01072700D95D91 /* OpenSourceAnimation.app */;
			productType = "com.apple.product-type.application";
		};
/* End PBXNativeTarget section */

/* Begin PBXProject section */
		BC7B3EEC2B01072700D95D91 /* Project object */ = {
			isa = PBXProject;
			attributes = {
				BuildIndependentTargetsInParallel = 1;
				LastSwiftUpdateCheck = 1500;
				LastUpgradeCheck = 1500;
				TargetAttributes = {
					BC7B3EF32B01072700D95D91 = {
						CreatedOnToolsVersion = 15.0.1;
					};
				};
			};
			buildConfigurationList = BC7B3EEF2B01072700D95D91 /* Build configuration list for PBXProject "OpenSourceAnimation" */;
			compatibilityVersion = "Xcode 14.0";
			developmentRegion = en;
			hasScannedForEncodings = 0;
			knownRegions = (
				en,
				Base,
			);
			mainGroup = BC7B3EEB2B01072700D95D91;
			productRefGroup = BC7B3EF52B01072700D95D91 /* Products */;
			projectDirPath = "";
			projectRoot = "";
			targets = (
				BC7B3EF32B01072700D95D91 /* OpenSourceAnimation */,
			);
		};
/* End PBXProject section */

/* Begin PBXResourcesBuildPhase section */
		BC7B3EF22B01072700D95D91 /* Resources */ = {
			isa = PBXResourcesBuildPhase;
			buildActionMask = 2147483647;
			files = (
				BC7B3F042B01072800D95D91 /* LaunchScreen.storyboard in Resources */,
				BC7B3F012B01072800D95D91 /* Assets.xcassets in Resources */,
				BC7B3EFF2B01072700D95D91 /* Main.storyboard in Resources */,
			);
			runOnlyForDeploymentPostprocessing = 0;
		};
/* End PBXResourcesBuildPhase section */

/* Begin PBXShellScriptBuildPhase section */
		48A45C96A0D2166986486B12 /* [CP] Check Pods Manifest.lock */ = {
			isa = PBXShellScriptBuildPhase;
			buildActionMask = 2147483647;
			files = (
			);
			inputFileListPaths = (
			);
			inputPaths = (
				"${PODS_PODFILE_DIR_PATH}/Podfile.lock",
				"${PODS_ROOT}/Manifest.lock",
			);
			name = "[CP] Check Pods Manifest.lock";
			outputFileListPaths = (
			);
			outputPaths = (
				"$(DERIVED_FILE_DIR)/Pods-OpenSourceAnimation-checkManifestLockResult.txt",
			);
			runOnlyForDeploymentPostprocessing = 0;
			shellPath = /bin/sh;
			shellScript = "diff \"${PODS_PODFILE_DIR_PATH}/Podfile.lock\" \"${PODS_ROOT}/Manifest.lock\" > /dev/null\nif [ $? != 0 ] ; then\n    # print error to STDERR\n    echo \"error: The sandbox is not in sync with the Podfile.lock. Run 'pod install' or update your CocoaPods installation.\" >&2\n    exit 1\nfi\n# This output is used by Xcode 'outputs' to avoid re-running this script phase.\necho \"SUCCESS\" > \"${SCRIPT_OUTPUT_FILE_0}\"\n";
			showEnvVarsInLog = 0;
		};
		56A20CF5EC5D08A5C6EAB183 /* [CP] Embed Pods Frameworks */ = {
			isa = PBXShellScriptBuildPhase;
			buildActionMask = 2147483647;
			files = (
			);
			inputFileListPaths = (
				"${PODS_ROOT}/Target Support Files/Pods-OpenSourceAnimation/Pods-OpenSourceAnimation-frameworks-${CONFIGURATION}-input-files.xcfilelist",
			);
			name = "[CP] Embed Pods Frameworks";
			outputFileListPaths = (
				"${PODS_ROOT}/Target Support Files/Pods-OpenSourceAnimation/Pods-OpenSourceAnimation-frameworks-${CONFIGURATION}-output-files.xcfilelist",
			);
			runOnlyForDeploymentPostprocessing = 0;
			shellPath = /bin/sh;
			shellScript = "\"${PODS_ROOT}/Target Support Files/Pods-OpenSourceAnimation/Pods-OpenSourceAnimation-frameworks.sh\"\n";
			showEnvVarsInLog = 0;
		};
/* End PBXShellScriptBuildPhase section */

/* Begin PBXSourcesBuildPhase section */
		BC7B3EF02B01072700D95D91 /* Sources */ = {
			isa = PBXSourcesBuildPhase;
			buildActionMask = 2147483647;
			files = (
				BC7B3F0F2B014D9A00D95D91 /* Ball.swift in Sources */,
				BC7B3EFC2B01072700D95D91 /* ViewController.swift in Sources */,
				BC7B3EF82B01072700D95D91 /* AppDelegate.swift in Sources */,
				BC7B3EFA2B01072700D95D91 /* SceneDelegate.swift in Sources */,
			);
			runOnlyForDeploymentPostprocessing = 0;
		};
/* End PBXSourcesBuildPhase section */

/* Begin PBXVariantGroup section */
		BC7B3EFD2B01072700D95D91 /* Main.storyboard */ = {
			isa = PBXVariantGroup;
			children = (
				BC7B3EFE2B01072700D95D91 /* Base */,
			);
			name = Main.storyboard;
			sourceTree = "<group>";
		};
		BC7B3F022B01072800D95D91 /* LaunchScreen.storyboard */ = {
			isa = PBXVariantGroup;
			children = (
				BC7B3F032B01072800D95D91 /* Base */,
			);
			name = LaunchScreen.storyboard;
			sourceTree = "<group>";
		};
/* End PBXVariantGroup section */

/* Begin XCBuildConfiguration section */
		BC7B3F062B01072800D95D91 /* Debug */ = {
			isa = XCBuildConfiguration;
			buildSettings = {
				ALWAYS_SEARCH_USER_PATHS = NO;
				ASSETCATALOG_COMPILER_GENERATE_SWIFT_ASSET_SYMBOL_EXTENSIONS = YES;
				CLANG_ANALYZER_NONNULL = YES;
				CLANG_ANALYZER_NUMBER_OBJECT_CONVERSION = YES_AGGRESSIVE;
				CLANG_CXX_LANGUAGE_STANDARD = "gnu++20";
				CLANG_ENABLE_MODULES = YES;
				CLANG_ENABLE_OBJC_ARC = YES;
				CLANG_ENABLE_OBJC_WEAK = YES;
				CLANG_WARN_BLOCK_CAPTURE_AUTORELEASING = YES;
				CLANG_WARN_BOOL_CONVERSION = YES;
				CLANG_WARN_COMMA = YES;
				CLANG_WARN_CONSTANT_CONVERSION = YES;
				CLANG_WARN_DEPRECATED_OBJC_IMPLEMENTATIONS = YES;
				CLANG_WARN_DIRECT_OBJC_ISA_USAGE = YES_ERROR;
				CLANG_WARN_DOCUMENTATION_COMMENTS = YES;
				CLANG_WARN_EMPTY_BODY = YES;
				CLANG_WARN_ENUM_CONVERSION = YES;
				CLANG_WARN_INFINITE_RECURSION = YES;
				CLANG_WARN_INT_CONVERSION = YES;
				CLANG_WARN_NON_LITERAL_NULL_CONVERSION = YES;
				CLANG_WARN_OBJC_IMPLICIT_RETAIN_SELF = YES;
				CLANG_WARN_OBJC_LITERAL_CONVERSION = YES;
				CLANG_WARN_OBJC_ROOT_CLASS = YES_ERROR;
				CLANG_WARN_QUOTED_INCLUDE_IN_FRAMEWORK_HEADER = YES;
				CLANG_WARN_RANGE_LOOP_ANALYSIS = YES;
				CLANG_WARN_STRICT_PROTOTYPES = YES;
				CLANG_WARN_SUSPICIOUS_MOVE = YES;
				CLANG_WARN_UNGUARDED_AVAILABILITY = YES_AGGRESSIVE;
				CLANG_WARN_UNREACHABLE_CODE = YES;
				CLANG_WARN__DUPLICATE_METHOD_MATCH = YES;
				COPY_PHASE_STRIP = NO;
				DEBUG_INFORMATION_FORMAT = dwarf;
				ENABLE_STRICT_OBJC_MSGSEND = YES;
				ENABLE_TESTABILITY = YES;
				ENABLE_USER_SCRIPT_SANDBOXING = YES;
				GCC_C_LANGUAGE_STANDARD = gnu17;
				GCC_DYNAMIC_NO_PIC = NO;
				GCC_NO_COMMON_BLOCKS = YES;
				GCC_OPTIMIZATION_LEVEL = 0;
				GCC_PREPROCESSOR_DEFINITIONS = (
					"DEBUG=1",
					"$(inherited)",
				);
				GCC_WARN_64_TO_32_BIT_CONVERSION = YES;
				GCC_WARN_ABOUT_RETURN_TYPE = YES_ERROR;
				GCC_WARN_UNDECLARED_SELECTOR = YES;
				GCC_WARN_UNINITIALIZED_AUTOS = YES_AGGRESSIVE;
				GCC_WARN_UNUSED_FUNCTION = YES;
				GCC_WARN_UNUSED_VARIABLE = YES;
				IPHONEOS_DEPLOYMENT_TARGET = 17.0;
				LOCALIZATION_PREFERS_STRING_CATALOGS = YES;
				MTL_ENABLE_DEBUG_INFO = INCLUDE_SOURCE;
				MTL_FAST_MATH = YES;
				ONLY_ACTIVE_ARCH = YES;
				SDKROOT = iphoneos;
				SWIFT_ACTIVE_COMPILATION_CONDITIONS = "DEBUG $(inherited)";
				SWIFT_OPTIMIZATION_LEVEL = "-Onone";
			};
			name = Debug;
		};
		BC7B3F072B01072800D95D91 /* Release */ = {
			isa = XCBuildConfiguration;
			buildSettings = {
				ALWAYS_SEARCH_USER_PATHS = NO;
				ASSETCATALOG_COMPILER_GENERATE_SWIFT_ASSET_SYMBOL_EXTENSIONS = YES;
				CLANG_ANALYZER_NONNULL = YES;
				CLANG_ANALYZER_NUMBER_OBJECT_CONVERSION = YES_AGGRESSIVE;
				CLANG_CXX_LANGUAGE_STANDARD = "gnu++20";
				CLANG_ENABLE_MODULES = YES;
				CLANG_ENABLE_OBJC_ARC = YES;
				CLANG_ENABLE_OBJC_WEAK = YES;
				CLANG_WARN_BLOCK_CAPTURE_AUTORELEASING = YES;
				CLANG_WARN_BOOL_CONVERSION = YES;
				CLANG_WARN_COMMA = YES;
				CLANG_WARN_CONSTANT_CONVERSION = YES;
				CLANG_WARN_DEPRECATED_OBJC_IMPLEMENTATIONS = YES;
				CLANG_WARN_DIRECT_OBJC_ISA_USAGE = YES_ERROR;
				CLANG_WARN_DOCUMENTATION_COMMENTS = YES;
				CLANG_WARN_EMPTY_BODY = YES;
				CLANG_WARN_ENUM_CONVERSION = YES;
				CLANG_WARN_INFINITE_RECURSION = YES;
				CLANG_WARN_INT_CONVERSION = YES;
				CLANG_WARN_NON_LITERAL_NULL_CONVERSION = YES;
				CLANG_WARN_OBJC_IMPLICIT_RETAIN_SELF = YES;
				CLANG_WARN_OBJC_LITERAL_CONVERSION = YES;
				CLANG_WARN_OBJC_ROOT_CLASS = YES_ERROR;
				CLANG_WARN_QUOTED_INCLUDE_IN_FRAMEWORK_HEADER = YES;
				CLANG_WARN_RANGE_LOOP_ANALYSIS = YES;
				CLANG_WARN_STRICT_PROTOTYPES = YES;
				CLANG_WARN_SUSPICIOUS_MOVE = YES;
				CLANG_WARN_UNGUARDED_AVAILABILITY = YES_AGGRESSIVE;
				CLANG_WARN_UNREACHABLE_CODE = YES;
				CLANG_WARN__DUPLICATE_METHOD_MATCH = YES;
				COPY_PHASE_STRIP = NO;
				DEBUG_INFORMATION_FORMAT = "dwarf-with-dsym";
				ENABLE_NS_ASSERTIONS = NO;
				ENABLE_STRICT_OBJC_MSGSEND = YES;
				ENABLE_USER_SCRIPT_SANDBOXING = YES;
				GCC_C_LANGUAGE_STANDARD = gnu17;
				GCC_NO_COMMON_BLOCKS = YES;
				GCC_WARN_64_TO_32_BIT_CONVERSION = YES;
				GCC_WARN_ABOUT_RETURN_TYPE = YES_ERROR;
				GCC_WARN_UNDECLARED_SELECTOR = YES;
				GCC_WARN_UNINITIALIZED_AUTOS = YES_AGGRESSIVE;
				GCC_WARN_UNUSED_FUNCTION = YES;
				GCC_WARN_UNUSED_VARIABLE = YES;
				IPHONEOS_DEPLOYMENT_TARGET = 17.0;
				LOCALIZATION_PREFERS_STRING_CATALOGS = YES;
				MTL_ENABLE_DEBUG_INFO = NO;
				MTL_FAST_MATH = YES;
				SDKROOT = iphoneos;
				SWIFT_COMPILATION_MODE = wholemodule;
				VALIDATE_PRODUCT = YES;
			};
			name = Release;
		};
		BC7B3F092B01072800D95D91 /* Debug */ = {
			isa = XCBuildConfiguration;
			baseConfigurationReference = 492ED3F1C14F57D02262F49C /* Pods-OpenSourceAnimation.debug.xcconfig */;
			buildSettings = {
				ASSETCATALOG_COMPILER_APPICON_NAME = AppIcon;
				ASSETCATALOG_COMPILER_GLOBAL_ACCENT_COLOR_NAME = AccentColor;
				CODE_SIGN_STYLE = Automatic;
				CURRENT_PROJECT_VERSION = 1;
				DEVELOPMENT_TEAM = N8MX74Y447;
				ENABLE_USER_SCRIPT_SANDBOXING = NO;
				GENERATE_INFOPLIST_FILE = YES;
				INFOPLIST_FILE = OpenSourceAnimation/Info.plist;
				INFOPLIST_KEY_UIApplicationSupportsIndirectInputEvents = YES;
				INFOPLIST_KEY_UILaunchStoryboardName = LaunchScreen;
				INFOPLIST_KEY_UIMainStoryboardFile = Main;
				INFOPLIST_KEY_UISupportedInterfaceOrientations_iPad = "UIInterfaceOrientationPortrait UIInterfaceOrientationPortraitUpsideDown UIInterfaceOrientationLandscapeLeft UIInterfaceOrientationLandscapeRight";
				INFOPLIST_KEY_UISupportedInterfaceOrientations_iPhone = "UIInterfaceOrientationPortrait UIInterfaceOrientationLandscapeLeft UIInterfaceOrientationLandscapeRight";
				IPHONEOS_DEPLOYMENT_TARGET = 13.0;
				LD_RUNPATH_SEARCH_PATHS = (
					"$(inherited)",
					"@executable_path/Frameworks",
				);
				MARKETING_VERSION = 1.0;
				PRODUCT_BUNDLE_IDENTIFIER = doyeon.OpenSourceAnimation;
				PRODUCT_NAME = "$(TARGET_NAME)";
				SWIFT_EMIT_LOC_STRINGS = YES;
				SWIFT_VERSION = 5.0;
				TARGETED_DEVICE_FAMILY = "1,2";
			};
			name = Debug;
		};
		BC7B3F0A2B01072800D95D91 /* Release */ = {
			isa = XCBuildConfiguration;
			baseConfigurationReference = 440EF2977B7585D628C14E01 /* Pods-OpenSourceAnimation.release.xcconfig */;
			buildSettings = {
				ASSETCATALOG_COMPILER_APPICON_NAME = AppIcon;
				ASSETCATALOG_COMPILER_GLOBAL_ACCENT_COLOR_NAME = AccentColor;
				CODE_SIGN_STYLE = Automatic;
				CURRENT_PROJECT_VERSION = 1;
				DEVELOPMENT_TEAM = N8MX74Y447;
				ENABLE_USER_SCRIPT_SANDBOXING = NO;
				GENERATE_INFOPLIST_FILE = YES;
				INFOPLIST_FILE = OpenSourceAnimation/Info.plist;
				INFOPLIST_KEY_UIApplicationSupportsIndirectInputEvents = YES;
				INFOPLIST_KEY_UILaunchStoryboardName = LaunchScreen;
				INFOPLIST_KEY_UIMainStoryboardFile = Main;
				INFOPLIST_KEY_UISupportedInterfaceOrientations_iPad = "UIInterfaceOrientationPortrait UIInterfaceOrientationPortraitUpsideDown UIInterfaceOrientationLandscapeLeft UIInterfaceOrientationLandscapeRight";
				INFOPLIST_KEY_UISupportedInterfaceOrientations_iPhone = "UIInterfaceOrientationPortrait UIInterfaceOrientationLandscapeLeft UIInterfaceOrientationLandscapeRight";
				IPHONEOS_DEPLOYMENT_TARGET = 13.0;
				LD_RUNPATH_SEARCH_PATHS = (
					"$(inherited)",
					"@executable_path/Frameworks",
				);
				MARKETING_VERSION = 1.0;
				PRODUCT_BUNDLE_IDENTIFIER = doyeon.OpenSourceAnimation;
				PRODUCT_NAME = "$(TARGET_NAME)";
				SWIFT_EMIT_LOC_STRINGS = YES;
				SWIFT_VERSION = 5.0;
				TARGETED_DEVICE_FAMILY = "1,2";
			};
			name = Release;
		};
/* End XCBuildConfiguration section */

/* Begin XCConfigurationList section */
		BC7B3EEF2B01072700D95D91 /* Build configuration list for PBXProject "OpenSourceAnimation" */ = {
			isa = XCConfigurationList;
			buildConfigurations = (
				BC7B3F062B01072800D95D91 /* Debug */,
				BC7B3F072B01072800D95D91 /* Release */,
			);
			defaultConfigurationIsVisible = 0;
			defaultConfigurationName = Release;
		};
		BC7B3F082B01072800D95D91 /* Build configuration list for PBXNativeTarget "OpenSourceAnimation" */ = {
			isa = XCConfigurationList;
			buildConfigurations = (
				BC7B3F092B01072800D95D91 /* Debug */,
				BC7B3F0A2B01072800D95D91 /* Release */,
			);
			defaultConfigurationIsVisible = 0;
			defaultConfigurationName = Release;
		};
/* End XCConfigurationList section */
	};
	rootObject = BC7B3EEC2B01072700D95D91 /* Project object */;
}
