// !$*UTF8*$!
{
	archiveVersion = 1;
	classes = {
	};
	objectVersion = 56;
	objects = {

/* Begin PBXBuildFile section */
		BC5A532B2B037741004AF8A2 /* AppDelegate.swift in Sources */ = {isa = PBXBuildFile; fileRef = BC5A532A2B037741004AF8A2 /* AppDelegate.swift */; };
		BC5A532D2B037741004AF8A2 /* SceneDelegate.swift in Sources */ = {isa = PBXBuildFile; fileRef = BC5A532C2B037741004AF8A2 /* SceneDelegate.swift */; };
		BC5A532F2B037741004AF8A2 /* ViewController.swift in Sources */ = {isa = PBXBuildFile; fileRef = BC5A532E2B037741004AF8A2 /* ViewController.swift */; };
		BC5A53322B037741004AF8A2 /* Main.storyboard in Resources */ = {isa = PBXBuildFile; fileRef = BC5A53302B037741004AF8A2 /* Main.storyboard */; };
		BC5A53342B037742004AF8A2 /* Assets.xcassets in Resources */ = {isa = PBXBuildFile; fileRef = BC5A53332B037742004AF8A2 /* Assets.xcassets */; };
		BC5A53372B037742004AF8A2 /* LaunchScreen.storyboard in Resources */ = {isa = PBXBuildFile; fileRef = BC5A53352B037742004AF8A2 /* LaunchScreen.storyboard */; };
		BC5A53402B0379BA004AF8A2 /* KakaoSDK in Frameworks */ = {isa = PBXBuildFile; productRef = BC5A533F2B0379BA004AF8A2 /* KakaoSDK */; };
		BC5A53422B0379BA004AF8A2 /* KakaoSDKAuth in Frameworks */ = {isa = PBXBuildFile; productRef = BC5A53412B0379BA004AF8A2 /* KakaoSDKAuth */; };
		BC5A53442B0379BA004AF8A2 /* KakaoSDKCert in Frameworks */ = {isa = PBXBuildFile; productRef = BC5A53432B0379BA004AF8A2 /* KakaoSDKCert */; };
		BC5A53462B0379BA004AF8A2 /* KakaoSDKCertCore in Frameworks */ = {isa = PBXBuildFile; productRef = BC5A53452B0379BA004AF8A2 /* KakaoSDKCertCore */; };
		BC5A53482B0379BA004AF8A2 /* KakaoSDKCommon in Frameworks */ = {isa = PBXBuildFile; productRef = BC5A53472B0379BA004AF8A2 /* KakaoSDKCommon */; };
/* End PBXBuildFile section */

/* Begin PBXFileReference section */
		BC5A53272B037741004AF8A2 /* KakaoLogin.app */ = {isa = PBXFileReference; explicitFileType = wrapper.application; includeInIndex = 0; path = KakaoLogin.app; sourceTree = BUILT_PRODUCTS_DIR; };
		BC5A532A2B037741004AF8A2 /* AppDelegate.swift */ = {isa = PBXFileReference; lastKnownFileType = sourcecode.swift; path = AppDelegate.swift; sourceTree = "<group>"; };
		BC5A532C2B037741004AF8A2 /* SceneDelegate.swift */ = {isa = PBXFileReference; lastKnownFileType = sourcecode.swift; path = SceneDelegate.swift; sourceTree = "<group>"; };
		BC5A532E2B037741004AF8A2 /* ViewController.swift */ = {isa = PBXFileReference; lastKnownFileType = sourcecode.swift; path = ViewController.swift; sourceTree = "<group>"; };
		BC5A53312B037741004AF8A2 /* Base */ = {isa = PBXFileReference; lastKnownFileType = file.storyboard; name = Base; path = Base.lproj/Main.storyboard; sourceTree = "<group>"; };
		BC5A53332B037742004AF8A2 /* Assets.xcassets */ = {isa = PBXFileReference; lastKnownFileType = folder.assetcatalog; path = Assets.xcassets; sourceTree = "<group>"; };
		BC5A53362B037742004AF8A2 /* Base */ = {isa = PBXFileReference; lastKnownFileType = file.storyboard; name = Base; path = Base.lproj/LaunchScreen.storyboard; sourceTree = "<group>"; };
		BC5A53382B037742004AF8A2 /* Info.plist */ = {isa = PBXFileReference; lastKnownFileType = text.plist.xml; path = Info.plist; sourceTree = "<group>"; };
		BC5A534A2B038508004AF8A2 /* Config.xcconfig */ = {isa = PBXFileReference; lastKnownFileType = text.xcconfig; path = Config.xcconfig; sourceTree = "<group>"; };
/* End PBXFileReference section */

/* Begin PBXFrameworksBuildPhase section */
		BC5A53242B037741004AF8A2 /* Frameworks */ = {
			isa = PBXFrameworksBuildPhase;
			buildActionMask = 2147483647;
			files = (
				BC5A53462B0379BA004AF8A2 /* KakaoSDKCertCore in Frameworks */,
				BC5A53442B0379BA004AF8A2 /* KakaoSDKCert in Frameworks */,
				BC5A53402B0379BA004AF8A2 /* KakaoSDK in Frameworks */,
				BC5A53482B0379BA004AF8A2 /* KakaoSDKCommon in Frameworks */,
				BC5A53422B0379BA004AF8A2 /* KakaoSDKAuth in Frameworks */,
			);
			runOnlyForDeploymentPostprocessing = 0;
		};
/* End PBXFrameworksBuildPhase section */

/* Begin PBXGroup section */
		BC5A531E2B037741004AF8A2 = {
			isa = PBXGroup;
			children = (
				BC5A53292B037741004AF8A2 /* KakaoLogin */,
				BC5A53282B037741004AF8A2 /* Products */,
			);
			sourceTree = "<group>";
		};
		BC5A53282B037741004AF8A2 /* Products */ = {
			isa = PBXGroup;
			children = (
				BC5A53272B037741004AF8A2 /* KakaoLogin.app */,
			);
			name = Products;
			sourceTree = "<group>";
		};
		BC5A53292B037741004AF8A2 /* KakaoLogin */ = {
			isa = PBXGroup;
			children = (
				BC5A532A2B037741004AF8A2 /* AppDelegate.swift */,
				BC5A532C2B037741004AF8A2 /* SceneDelegate.swift */,
				BC5A532E2B037741004AF8A2 /* ViewController.swift */,
				BC5A53302B037741004AF8A2 /* Main.storyboard */,
				BC5A53332B037742004AF8A2 /* Assets.xcassets */,
				BC5A53352B037742004AF8A2 /* LaunchScreen.storyboard */,
				BC5A53382B037742004AF8A2 /* Info.plist */,
				BC5A534A2B038508004AF8A2 /* Config.xcconfig */,
			);
			path = KakaoLogin;
			sourceTree = "<group>";
		};
/* End PBXGroup section */

/* Begin PBXNativeTarget section */
		BC5A53262B037741004AF8A2 /* KakaoLogin */ = {
			isa = PBXNativeTarget;
			buildConfigurationList = BC5A533B2B037742004AF8A2 /* Build configuration list for PBXNativeTarget "KakaoLogin" */;
			buildPhases = (
				BC5A53232B037741004AF8A2 /* Sources */,
				BC5A53242B037741004AF8A2 /* Frameworks */,
				BC5A53252B037741004AF8A2 /* Resources */,
			);
			buildRules = (
			);
			dependencies = (
			);
			name = KakaoLogin;
			packageProductDependencies = (
				BC5A533F2B0379BA004AF8A2 /* KakaoSDK */,
				BC5A53412B0379BA004AF8A2 /* KakaoSDKAuth */,
				BC5A53432B0379BA004AF8A2 /* KakaoSDKCert */,
				BC5A53452B0379BA004AF8A2 /* KakaoSDKCertCore */,
				BC5A53472B0379BA004AF8A2 /* KakaoSDKCommon */,
			);
			productName = KakaoLogin;
			productReference = BC5A53272B037741004AF8A2 /* KakaoLogin.app */;
			productType = "com.apple.product-type.application";
		};
/* End PBXNativeTarget section */

/* Begin PBXProject section */
		BC5A531F2B037741004AF8A2 /* Project object */ = {
			isa = PBXProject;
			attributes = {
				BuildIndependentTargetsInParallel = 1;
				LastSwiftUpdateCheck = 1500;
				LastUpgradeCheck = 1500;
				TargetAttributes = {
					BC5A53262B037741004AF8A2 = {
						CreatedOnToolsVersion = 15.0.1;
					};
				};
			};
			buildConfigurationList = BC5A53222B037741004AF8A2 /* Build configuration list for PBXProject "KakaoLogin" */;
			compatibilityVersion = "Xcode 14.0";
			developmentRegion = en;
			hasScannedForEncodings = 0;
			knownRegions = (
				en,
				Base,
			);
			mainGroup = BC5A531E2B037741004AF8A2;
			packageReferences = (
				BC5A533E2B0379BA004AF8A2 /* XCRemoteSwiftPackageReference "kakao-ios-sdk" */,
			);
			productRefGroup = BC5A53282B037741004AF8A2 /* Products */;
			projectDirPath = "";
			projectRoot = "";
			targets = (
				BC5A53262B037741004AF8A2 /* KakaoLogin */,
			);
		};
/* End PBXProject section */

/* Begin PBXResourcesBuildPhase section */
		BC5A53252B037741004AF8A2 /* Resources */ = {
			isa = PBXResourcesBuildPhase;
			buildActionMask = 2147483647;
			files = (
				BC5A53372B037742004AF8A2 /* LaunchScreen.storyboard in Resources */,
				BC5A53342B037742004AF8A2 /* Assets.xcassets in Resources */,
				BC5A53322B037741004AF8A2 /* Main.storyboard in Resources */,
			);
			runOnlyForDeploymentPostprocessing = 0;
		};
/* End PBXResourcesBuildPhase section */

/* Begin PBXSourcesBuildPhase section */
		BC5A53232B037741004AF8A2 /* Sources */ = {
			isa = PBXSourcesBuildPhase;
			buildActionMask = 2147483647;
			files = (
				BC5A532F2B037741004AF8A2 /* ViewController.swift in Sources */,
				BC5A532B2B037741004AF8A2 /* AppDelegate.swift in Sources */,
				BC5A532D2B037741004AF8A2 /* SceneDelegate.swift in Sources */,
			);
			runOnlyForDeploymentPostprocessing = 0;
		};
/* End PBXSourcesBuildPhase section */

/* Begin PBXVariantGroup section */
		BC5A53302B037741004AF8A2 /* Main.storyboard */ = {
			isa = PBXVariantGroup;
			children = (
				BC5A53312B037741004AF8A2 /* Base */,
			);
			name = Main.storyboard;
			sourceTree = "<group>";
		};
		BC5A53352B037742004AF8A2 /* LaunchScreen.storyboard */ = {
			isa = PBXVariantGroup;
			children = (
				BC5A53362B037742004AF8A2 /* Base */,
			);
			name = LaunchScreen.storyboard;
			sourceTree = "<group>";
		};
/* End PBXVariantGroup section */

/* Begin XCBuildConfiguration section */
		BC5A53392B037742004AF8A2 /* Debug */ = {
			isa = XCBuildConfiguration;
			buildSettings = {
				ALWAYS_SEARCH_USER_PATHS = NO;
				ASSETCATALOG_COMPILER_GENERATE_SWIFT_ASSET_SYMBOL_EXTENSIONS = YES;
				CLANG_ANALYZER_NONNULL = YES;
				CLANG_ANALYZER_NUMBER_OBJECT_CONVERSION = YES_AGGRESSIVE;
				CLANG_CXX_LANGUAGE_STANDARD = "gnu++20";
				CLANG_ENABLE_MODULES = YES;
				CLANG_ENABLE_OBJC_ARC = YES;
				CLANG_ENABLE_OBJC_WEAK = YES;
				CLANG_WARN_BLOCK_CAPTURE_AUTORELEASING = YES;
				CLANG_WARN_BOOL_CONVERSION = YES;
				CLANG_WARN_COMMA = YES;
				CLANG_WARN_CONSTANT_CONVERSION = YES;
				CLANG_WARN_DEPRECATED_OBJC_IMPLEMENTATIONS = YES;
				CLANG_WARN_DIRECT_OBJC_ISA_USAGE = YES_ERROR;
				CLANG_WARN_DOCUMENTATION_COMMENTS = YES;
				CLANG_WARN_EMPTY_BODY = YES;
				CLANG_WARN_ENUM_CONVERSION = YES;
				CLANG_WARN_INFINITE_RECURSION = YES;
				CLANG_WARN_INT_CONVERSION = YES;
				CLANG_WARN_NON_LITERAL_NULL_CONVERSION = YES;
				CLANG_WARN_OBJC_IMPLICIT_RETAIN_SELF = YES;
				CLANG_WARN_OBJC_LITERAL_CONVERSION = YES;
				CLANG_WARN_OBJC_ROOT_CLASS = YES_ERROR;
				CLANG_WARN_QUOTED_INCLUDE_IN_FRAMEWORK_HEADER = YES;
				CLANG_WARN_RANGE_LOOP_ANALYSIS = YES;
				CLANG_WARN_STRICT_PROTOTYPES = YES;
				CLANG_WARN_SUSPICIOUS_MOVE = YES;
				CLANG_WARN_UNGUARDED_AVAILABILITY = YES_AGGRESSIVE;
				CLANG_WARN_UNREACHABLE_CODE = YES;
				CLANG_WARN__DUPLICATE_METHOD_MATCH = YES;
				COPY_PHASE_STRIP = NO;
				DEBUG_INFORMATION_FORMAT = dwarf;
				ENABLE_STRICT_OBJC_MSGSEND = YES;
				ENABLE_TESTABILITY = YES;
				ENABLE_USER_SCRIPT_SANDBOXING = YES;
				GCC_C_LANGUAGE_STANDARD = gnu17;
				GCC_DYNAMIC_NO_PIC = NO;
				GCC_NO_COMMON_BLOCKS = YES;
				GCC_OPTIMIZATION_LEVEL = 0;
				GCC_PREPROCESSOR_DEFINITIONS = (
					"DEBUG=1",
					"$(inherited)",
				);
				GCC_WARN_64_TO_32_BIT_CONVERSION = YES;
				GCC_WARN_ABOUT_RETURN_TYPE = YES_ERROR;
				GCC_WARN_UNDECLARED_SELECTOR = YES;
				GCC_WARN_UNINITIALIZED_AUTOS = YES_AGGRESSIVE;
				GCC_WARN_UNUSED_FUNCTION = YES;
				GCC_WARN_UNUSED_VARIABLE = YES;
				IPHONEOS_DEPLOYMENT_TARGET = 17.0;
				LOCALIZATION_PREFERS_STRING_CATALOGS = YES;
				MTL_ENABLE_DEBUG_INFO = INCLUDE_SOURCE;
				MTL_FAST_MATH = YES;
				ONLY_ACTIVE_ARCH = YES;
				SDKROOT = iphoneos;
				SWIFT_ACTIVE_COMPILATION_CONDITIONS = "DEBUG $(inherited)";
				SWIFT_OPTIMIZATION_LEVEL = "-Onone";
			};
			name = Debug;
		};
		BC5A533A2B037742004AF8A2 /* Release */ = {
			isa = XCBuildConfiguration;
			buildSettings = {
				ALWAYS_SEARCH_USER_PATHS = NO;
				ASSETCATALOG_COMPILER_GENERATE_SWIFT_ASSET_SYMBOL_EXTENSIONS = YES;
				CLANG_ANALYZER_NONNULL = YES;
				CLANG_ANALYZER_NUMBER_OBJECT_CONVERSION = YES_AGGRESSIVE;
				CLANG_CXX_LANGUAGE_STANDARD = "gnu++20";
				CLANG_ENABLE_MODULES = YES;
				CLANG_ENABLE_OBJC_ARC = YES;
				CLANG_ENABLE_OBJC_WEAK = YES;
				CLANG_WARN_BLOCK_CAPTURE_AUTORELEASING = YES;
				CLANG_WARN_BOOL_CONVERSION = YES;
				CLANG_WARN_COMMA = YES;
				CLANG_WARN_CONSTANT_CONVERSION = YES;
				CLANG_WARN_DEPRECATED_OBJC_IMPLEMENTATIONS = YES;
				CLANG_WARN_DIRECT_OBJC_ISA_USAGE = YES_ERROR;
				CLANG_WARN_DOCUMENTATION_COMMENTS = YES;
				CLANG_WARN_EMPTY_BODY = YES;
				CLANG_WARN_ENUM_CONVERSION = YES;
				CLANG_WARN_INFINITE_RECURSION = YES;
				CLANG_WARN_INT_CONVERSION = YES;
				CLANG_WARN_NON_LITERAL_NULL_CONVERSION = YES;
				CLANG_WARN_OBJC_IMPLICIT_RETAIN_SELF = YES;
				CLANG_WARN_OBJC_LITERAL_CONVERSION = YES;
				CLANG_WARN_OBJC_ROOT_CLASS = YES_ERROR;
				CLANG_WARN_QUOTED_INCLUDE_IN_FRAMEWORK_HEADER = YES;
				CLANG_WARN_RANGE_LOOP_ANALYSIS = YES;
				CLANG_WARN_STRICT_PROTOTYPES = YES;
				CLANG_WARN_SUSPICIOUS_MOVE = YES;
				CLANG_WARN_UNGUARDED_AVAILABILITY = YES_AGGRESSIVE;
				CLANG_WARN_UNREACHABLE_CODE = YES;
				CLANG_WARN__DUPLICATE_METHOD_MATCH = YES;
				COPY_PHASE_STRIP = NO;
				DEBUG_INFORMATION_FORMAT = "dwarf-with-dsym";
				ENABLE_NS_ASSERTIONS = NO;
				ENABLE_STRICT_OBJC_MSGSEND = YES;
				ENABLE_USER_SCRIPT_SANDBOXING = YES;
				GCC_C_LANGUAGE_STANDARD = gnu17;
				GCC_NO_COMMON_BLOCKS = YES;
				GCC_WARN_64_TO_32_BIT_CONVERSION = YES;
				GCC_WARN_ABOUT_RETURN_TYPE = YES_ERROR;
				GCC_WARN_UNDECLARED_SELECTOR = YES;
				GCC_WARN_UNINITIALIZED_AUTOS = YES_AGGRESSIVE;
				GCC_WARN_UNUSED_FUNCTION = YES;
				GCC_WARN_UNUSED_VARIABLE = YES;
				IPHONEOS_DEPLOYMENT_TARGET = 17.0;
				LOCALIZATION_PREFERS_STRING_CATALOGS = YES;
				MTL_ENABLE_DEBUG_INFO = NO;
				MTL_FAST_MATH = YES;
				SDKROOT = iphoneos;
				SWIFT_COMPILATION_MODE = wholemodule;
				VALIDATE_PRODUCT = YES;
			};
			name = Release;
		};
		BC5A533C2B037742004AF8A2 /* Debug */ = {
			isa = XCBuildConfiguration;
			baseConfigurationReference = BC5A534A2B038508004AF8A2 /* Config.xcconfig */;
			buildSettings = {
				ASSETCATALOG_COMPILER_APPICON_NAME = AppIcon;
				ASSETCATALOG_COMPILER_GLOBAL_ACCENT_COLOR_NAME = AccentColor;
				CODE_SIGN_STYLE = Automatic;
				CURRENT_PROJECT_VERSION = 1;
				DEVELOPMENT_TEAM = N8MX74Y447;
				GENERATE_INFOPLIST_FILE = YES;
				INFOPLIST_FILE = KakaoLogin/Info.plist;
				INFOPLIST_KEY_UIApplicationSupportsIndirectInputEvents = YES;
				INFOPLIST_KEY_UILaunchStoryboardName = LaunchScreen;
				INFOPLIST_KEY_UIMainStoryboardFile = Main;
				INFOPLIST_KEY_UISupportedInterfaceOrientations_iPad = "UIInterfaceOrientationPortrait UIInterfaceOrientationPortraitUpsideDown UIInterfaceOrientationLandscapeLeft UIInterfaceOrientationLandscapeRight";
				INFOPLIST_KEY_UISupportedInterfaceOrientations_iPhone = "UIInterfaceOrientationPortrait UIInterfaceOrientationLandscapeLeft UIInterfaceOrientationLandscapeRight";
				LD_RUNPATH_SEARCH_PATHS = (
					"$(inherited)",
					"@executable_path/Frameworks",
				);
				MARKETING_VERSION = 1.0;
				PRODUCT_BUNDLE_IDENTIFIER = doyeon.KakaoLogin;
				PRODUCT_NAME = "$(TARGET_NAME)";
				SWIFT_EMIT_LOC_STRINGS = YES;
				SWIFT_VERSION = 5.0;
				TARGETED_DEVICE_FAMILY = "1,2";
			};
			name = Debug;
		};
		BC5A533D2B037742004AF8A2 /* Release */ = {
			isa = XCBuildConfiguration;
			baseConfigurationReference = BC5A534A2B038508004AF8A2 /* Config.xcconfig */;
			buildSettings = {
				ASSETCATALOG_COMPILER_APPICON_NAME = AppIcon;
				ASSETCATALOG_COMPILER_GLOBAL_ACCENT_COLOR_NAME = AccentColor;
				CODE_SIGN_STYLE = Automatic;
				CURRENT_PROJECT_VERSION = 1;
				DEVELOPMENT_TEAM = N8MX74Y447;
				GENERATE_INFOPLIST_FILE = YES;
				INFOPLIST_FILE = KakaoLogin/Info.plist;
				INFOPLIST_KEY_UIApplicationSupportsIndirectInputEvents = YES;
				INFOPLIST_KEY_UILaunchStoryboardName = LaunchScreen;
				INFOPLIST_KEY_UIMainStoryboardFile = Main;
				INFOPLIST_KEY_UISupportedInterfaceOrientations_iPad = "UIInterfaceOrientationPortrait UIInterfaceOrientationPortraitUpsideDown UIInterfaceOrientationLandscapeLeft UIInterfaceOrientationLandscapeRight";
				INFOPLIST_KEY_UISupportedInterfaceOrientations_iPhone = "UIInterfaceOrientationPortrait UIInterfaceOrientationLandscapeLeft UIInterfaceOrientationLandscapeRight";
				LD_RUNPATH_SEARCH_PATHS = (
					"$(inherited)",
					"@executable_path/Frameworks",
				);
				MARKETING_VERSION = 1.0;
				PRODUCT_BUNDLE_IDENTIFIER = doyeon.KakaoLogin;
				PRODUCT_NAME = "$(TARGET_NAME)";
				SWIFT_EMIT_LOC_STRINGS = YES;
				SWIFT_VERSION = 5.0;
				TARGETED_DEVICE_FAMILY = "1,2";
			};
			name = Release;
		};
/* End XCBuildConfiguration section */

/* Begin XCConfigurationList section */
		BC5A53222B037741004AF8A2 /* Build configuration list for PBXProject "KakaoLogin" */ = {
			isa = XCConfigurationList;
			buildConfigurations = (
				BC5A53392B037742004AF8A2 /* Debug */,
				BC5A533A2B037742004AF8A2 /* Release */,
			);
			defaultConfigurationIsVisible = 0;
			defaultConfigurationName = Release;
		};
		BC5A533B2B037742004AF8A2 /* Build configuration list for PBXNativeTarget "KakaoLogin" */ = {
			isa = XCConfigurationList;
			buildConfigurations = (
				BC5A533C2B037742004AF8A2 /* Debug */,
				BC5A533D2B037742004AF8A2 /* Release */,
			);
			defaultConfigurationIsVisible = 0;
			defaultConfigurationName = Release;
		};
/* End XCConfigurationList section */

/* Begin XCRemoteSwiftPackageReference section */
		BC5A533E2B0379BA004AF8A2 /* XCRemoteSwiftPackageReference "kakao-ios-sdk" */ = {
			isa = XCRemoteSwiftPackageReference;
			repositoryURL = "https://github.com/kakao/kakao-ios-sdk";
			requirement = {
				kind = upToNextMajorVersion;
				minimumVersion = 2.19.0;
			};
		};
/* End XCRemoteSwiftPackageReference section */

/* Begin XCSwiftPackageProductDependency section */
		BC5A533F2B0379BA004AF8A2 /* KakaoSDK */ = {
			isa = XCSwiftPackageProductDependency;
			package = BC5A533E2B0379BA004AF8A2 /* XCRemoteSwiftPackageReference "kakao-ios-sdk" */;
			productName = KakaoSDK;
		};
		BC5A53412B0379BA004AF8A2 /* KakaoSDKAuth */ = {
			isa = XCSwiftPackageProductDependency;
			package = BC5A533E2B0379BA004AF8A2 /* XCRemoteSwiftPackageReference "kakao-ios-sdk" */;
			productName = KakaoSDKAuth;
		};
		BC5A53432B0379BA004AF8A2 /* KakaoSDKCert */ = {
			isa = XCSwiftPackageProductDependency;
			package = BC5A533E2B0379BA004AF8A2 /* XCRemoteSwiftPackageReference "kakao-ios-sdk" */;
			productName = KakaoSDKCert;
		};
		BC5A53452B0379BA004AF8A2 /* KakaoSDKCertCore */ = {
			isa = XCSwiftPackageProductDependency;
			package = BC5A533E2B0379BA004AF8A2 /* XCRemoteSwiftPackageReference "kakao-ios-sdk" */;
			productName = KakaoSDKCertCore;
		};
		BC5A53472B0379BA004AF8A2 /* KakaoSDKCommon */ = {
			isa = XCSwiftPackageProductDependency;
			package = BC5A533E2B0379BA004AF8A2 /* XCRemoteSwiftPackageReference "kakao-ios-sdk" */;
			productName = KakaoSDKCommon;
		};
/* End XCSwiftPackageProductDependency section */
	};
	rootObject = BC5A531F2B037741004AF8A2 /* Project object */;
}
